
Microsoft Visual Studio Solution File, Format Version 12.00
# Visual Studio 15
VisualStudioVersion = 15.0.28307.136
MinimumVisualStudioVersion = 10.0.40219.1
Project("{9A19103F-16F7-4668-BE54-9A1E7A4F7556}") = "CollegeService", "CollegeService.csproj", "{DECF8D6E-BEF6-4F56-BB62-0087A1915FC2}"
EndProject
Project("{FAE04EC0-301F-11D3-BF4B-00C04F79EFBC}") = "CollegeService.UnitTest", "..\CollegeService.UnitTest\CollegeService.UnitTest.csproj", "{BD653A7A-2D89-4F3E-AD02-2A04B215A63D}"
EndProject
Global
	GlobalSection(SolutionConfigurationPlatforms) = preSolution
		Debug|Any CPU = Debug|Any CPU
		Release|Any CPU = Release|Any CPU
	EndGlobalSection
	GlobalSection(ProjectConfigurationPlatforms) = postSolution
		{DECF8D6E-BEF6-4F56-BB62-0087A1915FC2}.Debug|Any CPU.ActiveCfg = Debug|Any CPU
		{DECF8D6E-BEF6-4F56-BB62-0087A1915FC2}.Debug|Any CPU.Build.0 = Debug|Any CPU
		{DECF8D6E-BEF6-4F56-BB62-0087A1915FC2}.Release|Any CPU.ActiveCfg = Release|Any CPU
		{DECF8D6E-BEF6-4F56-BB62-0087A1915FC2}.Release|Any CPU.Build.0 = Release|Any CPU
		{BD653A7A-2D89-4F3E-AD02-2A04B215A63D}.Debug|Any CPU.ActiveCfg = Debug|Any CPU
		{BD653A7A-2D89-4F3E-AD02-2A04B215A63D}.Debug|Any CPU.Build.0 = Debug|Any CPU
		{BD653A7A-2D89-4F3E-AD02-2A04B215A63D}.Release|Any CPU.ActiveCfg = Release|Any CPU
		{BD653A7A-2D89-4F3E-AD02-2A04B215A63D}.Release|Any CPU.Build.0 = Release|Any CPU
	EndGlobalSection
	GlobalSection(SolutionProperties) = preSolution
		HideSolutionNode = FALSE
	EndGlobalSection
	GlobalSection(ExtensibilityGlobals) = postSolution
		SolutionGuid = {C085D196-F253-4B26-8C1C-485E5DC81C7E}
	EndGlobalSection
EndGlobal
